
Microsoft Visual Studio Solution File, Format Version 12.00
# Visual Studio Version 17
VisualStudioVersion = 17.11.35327.3
MinimumVisualStudioVersion = 10.0.40219.1
Project("{FAE04EC0-301F-11D3-BF4B-00C04F79EFBC}") = "практикум 4", "практикум 4.csproj", "{DADE8D4E-29CF-4E9A-8F8C-A8272282D1D9}"
EndProject
Global
	GlobalSection(SolutionConfigurationPlatforms) = preSolution
		Debug|Any CPU = Debug|Any CPU
		Release|Any CPU = Release|Any CPU
	EndGlobalSection
	GlobalSection(ProjectConfigurationPlatforms) = postSolution
		{DADE8D4E-29CF-4E9A-8F8C-A8272282D1D9}.Debug|Any CPU.ActiveCfg = Debug|Any CPU
		{DADE8D4E-29CF-4E9A-8F8C-A8272282D1D9}.Debug|Any CPU.Build.0 = Debug|Any CPU
		{DADE8D4E-29CF-4E9A-8F8C-A8272282D1D9}.Release|Any CPU.ActiveCfg = Release|Any CPU
		{DADE8D4E-29CF-4E9A-8F8C-A8272282D1D9}.Release|Any CPU.Build.0 = Release|Any CPU
	EndGlobalSection
	GlobalSection(SolutionProperties) = preSolution
		HideSolutionNode = FALSE
	EndGlobalSection
	GlobalSection(ExtensibilityGlobals) = postSolution
		SolutionGuid = {50A136A5-5765-450C-BA57-C31FA3C242A4}
	EndGlobalSection
EndGlobal
